{
  "name": "openstremioseeder",
  "version": "1.0.0",
  "lockfileVersion": 3,
  "requires": true,
  "packages": {
    "": {
      "name": "openstremioseeder",
      "version": "1.0.0",
      "license": "ISC",
      "dependencies": {
        "@ctrl/qbittorrent": "^9.0.1"
      }
    },
    "node_modules/@ctrl/magnet-link": {
      "version": "4.0.2",
      "resolved": "https://registry.npmjs.org/@ctrl/magnet-link/-/magnet-link-4.0.2.tgz",
      "integrity": "sha512-wENP7LH4BmCjz+gXVq7Nzz20zMjY/huuG7aDk/yu/LhFdC84e/l8222rCIAo0lwhU451lFcJKLcOmtG6TNrBAQ==",
      "license": "MIT",
      "workspaces": [
        "demo"
      ],
      "dependencies": {
        "rfc4648": "^1.5.3",
        "uint8array-extras": "^1.1.0"
      },
      "engines": {
        "node": ">=18"
      }
    },
    "node_modules/@ctrl/qbittorrent": {
      "version": "9.0.1",
      "resolved": "https://registry.npmjs.org/@ctrl/qbittorrent/-/qbittorrent-9.0.1.tgz",
      "integrity": "sha512-MaQhyccZ30C1V8Uxqhc1NvrM/Lgb8x6AunIxjlbhYhw5Zx/l8G2etbjTKle3RIFExURKmzrJx7Odj3EM4AlqDQ==",
      "license": "MIT",
      "dependencies": {
        "@ctrl/magnet-link": "^4.0.2",
        "@ctrl/shared-torrent": "^6.0.0",
        "@ctrl/torrent-file": "^4.1.0",
        "cookie": "^0.6.0",
        "node-fetch-native": "^1.6.4",
        "ofetch": "^1.3.4",
        "ufo": "^1.5.4",
        "uint8array-extras": "^1.4.0"
      },
      "engines": {
        "node": ">=18"
      }
    },
    "node_modules/@ctrl/shared-torrent": {
      "version": "6.0.0",
      "resolved": "https://registry.npmjs.org/@ctrl/shared-torrent/-/shared-torrent-6.0.0.tgz",
      "integrity": "sha512-BZAPDv8syFArFTAAeb560JSBNTajFtP3G/5eYiUMsg0upGAQs6NWGiHYbyjvAt8uHCSzxXsiji/Wvq1b7CvXSQ==",
      "license": "MIT",
      "engines": {
        "node": ">=18"
      }
    },
    "node_modules/@ctrl/torrent-file": {
      "version": "4.1.0",
      "resolved": "https://registry.npmjs.org/@ctrl/torrent-file/-/torrent-file-4.1.0.tgz",
      "integrity": "sha512-mC6HdmCrRhhwpthM+OboJvGIywVR05IbdhVSBkfbGslzbQk2xNnx4UOKljV/x2YI2M1DDF3F3o0paIiYd5O0Og==",
      "license": "MIT",
      "dependencies": {
        "uint8array-extras": "^1.4.0"
      },
      "engines": {
        "node": ">=18"
      }
    },
    "node_modules/cookie": {
      "version": "0.6.0",
      "resolved": "https://registry.npmjs.org/cookie/-/cookie-0.6.0.tgz",
      "integrity": "sha512-U71cyTamuh1CRNCfpGY6to28lxvNwPG4Guz/EVjgf3Jmzv0vlDp1atT9eS5dDjMYHucpHbWns6Lwf3BKz6svdw==",
      "license": "MIT",
      "engines": {
        "node": ">= 0.6"
      }
    },
    "node_modules/destr": {
      "version": "2.0.3",
      "resolved": "https://registry.npmjs.org/destr/-/destr-2.0.3.tgz",
      "integrity": "sha512-2N3BOUU4gYMpTP24s5rF5iP7BDr7uNTCs4ozw3kf/eKfvWSIu93GEBi5m427YoyJoeOzQ5smuu4nNAPGb8idSQ==",
      "license": "MIT"
    },
    "node_modules/node-fetch-native": {
      "version": "1.6.4",
      "resolved": "https://registry.npmjs.org/node-fetch-native/-/node-fetch-native-1.6.4.tgz",
      "integrity": "sha512-IhOigYzAKHd244OC0JIMIUrjzctirCmPkaIfhDeGcEETWof5zKYUW7e7MYvChGWh/4CJeXEgsRyGzuF334rOOQ==",
      "license": "MIT"
    },
    "node_modules/ofetch": {
      "version": "1.4.1",
      "resolved": "https://registry.npmjs.org/ofetch/-/ofetch-1.4.1.tgz",
      "integrity": "sha512-QZj2DfGplQAr2oj9KzceK9Hwz6Whxazmn85yYeVuS3u9XTMOGMRx0kO95MQ+vLsj/S/NwBDMMLU5hpxvI6Tklw==",
      "license": "MIT",
      "dependencies": {
        "destr": "^2.0.3",
        "node-fetch-native": "^1.6.4",
        "ufo": "^1.5.4"
      }
    },
    "node_modules/rfc4648": {
      "version": "1.5.3",
      "resolved": "https://registry.npmjs.org/rfc4648/-/rfc4648-1.5.3.tgz",
      "integrity": "sha512-MjOWxM065+WswwnmNONOT+bD1nXzY9Km6u3kzvnx8F8/HXGZdz3T6e6vZJ8Q/RIMUSp/nxqjH3GwvJDy8ijeQQ==",
      "license": "MIT"
    },
    "node_modules/ufo": {
      "version": "1.5.4",
      "resolved": "https://registry.npmjs.org/ufo/-/ufo-1.5.4.tgz",
      "integrity": "sha512-UsUk3byDzKd04EyoZ7U4DOlxQaD14JUKQl6/P7wiX4FNvUfm3XL246n9W5AmqwW5RSFJ27NAuM0iLscAOYUiGQ==",
      "license": "MIT"
    },
    "node_modules/uint8array-extras": {
      "version": "1.4.0",
      "resolved": "https://registry.npmjs.org/uint8array-extras/-/uint8array-extras-1.4.0.tgz",
      "integrity": "sha512-ZPtzy0hu4cZjv3z5NW9gfKnNLjoz4y6uv4HlelAjDK7sY/xOkKZv9xK/WQpcsBB3jEybChz9DPC2U/+cusjJVQ==",
      "license": "MIT",
      "engines": {
        "node": ">=18"
      },
      "funding": {
        "url": "https://github.com/sponsors/sindresorhus"
      }
    }
  }
}
